<?xml version="1.0" encoding="UTF-8"?>
<CONFIG>
  <ProjectOptions>
    <Version Value="11"/>
    <General>
      <Flags>
        <LRSInOutputDirectory Value="False"/>
      </Flags>
      <MainUnit Value="0"/>
    </General>
    <BuildModes Count="1">
      <Item1 Name="default" Default="True"/>
    </BuildModes>
    <PublishOptions>
      <Version Value="2"/>
    </PublishOptions>
    <RunParams>
      <FormatVersion Value="2"/>
      <Modes Count="1">
        <Mode0 Name="default">
          <local>
            <LaunchingApplication PathPlusParams="/usr/X11R6/bin/xterm -T 'Lazarus Run Output' -e $(LazarusDir)/tools/runwait.sh $(TargetCmdLine)"/>
          </local>
        </Mode0>
      </Modes>
    </RunParams>
    <Units Count="6">
      <Unit0>
        <Filename Value="LazGL.lpr"/>
        <IsPartOfProject Value="True"/>
        <IsVisibleTab Value="True"/>
        <TopLine Value="148"/>
        <CursorPos X="12" Y="163"/>
        <UsageCount Value="29"/>
        <Loaded Value="True"/>
      </Unit0>
      <Unit1>
        <Filename Value="usr/share/fpcsrc/packages/extra/opengl/glut.pp"/>
        <UnitName Value="Glut"/>
        <EditorIndex Value="-1"/>
        <WindowIndex Value="-1"/>
        <CursorPos Y="12"/>
        <UsageCount Value="10"/>
      </Unit1>
      <Unit2>
        <Filename Value="GL.pas"/>
        <EditorIndex Value="-1"/>
        <WindowIndex Value="-1"/>
        <TopLine Value="1441"/>
        <CursorPos X="3" Y="1521"/>
        <UsageCount Value="10"/>
      </Unit2>
      <Unit3>
        <Filename Value="Textures.pas"/>
        <EditorIndex Value="-1"/>
        <CursorPos X="21" Y="6"/>
        <UsageCount Value="12"/>
      </Unit3>
      <Unit4>
        <Filename Value="D:/Language/Lazarus/fpc/3.0.4/source/packages/opengl/src/gl.pp"/>
        <UnitName Value="GL"/>
        <EditorIndex Value="-1"/>
        <TopLine Value="1209"/>
        <CursorPos X="3" Y="1226"/>
        <UsageCount Value="10"/>
      </Unit4>
      <Unit5>
        <Filename Value="D:/Language/Lazarus/fpc/3.0.4/source/rtl/win/wininc/ascdef.inc"/>
        <EditorIndex Value="-1"/>
        <TopLine Value="102"/>
        <CursorPos X="10" Y="117"/>
        <UsageCount Value="10"/>
      </Unit5>
    </Units>
    <JumpHistory Count="17" HistoryIndex="16">
      <Position1>
        <Filename Value="LazGL.lpr"/>
        <Caret Line="129" Column="25" TopLine="112"/>
      </Position1>
      <Position2>
        <Filename Value="LazGL.lpr"/>
        <Caret Line="149" Column="30" TopLine="133"/>
      </Position2>
      <Position3>
        <Filename Value="LazGL.lpr"/>
        <Caret Line="137" Column="17" TopLine="125"/>
      </Position3>
      <Position4>
        <Filename Value="LazGL.lpr"/>
        <Caret Line="190" Column="13" TopLine="178"/>
      </Position4>
      <Position5>
        <Filename Value="LazGL.lpr"/>
        <Caret Line="6" Column="16"/>
      </Position5>
      <Position6>
        <Filename Value="LazGL.lpr"/>
        <Caret Line="159" Column="2" TopLine="140"/>
      </Position6>
      <Position7>
        <Filename Value="LazGL.lpr"/>
        <Caret Line="125" TopLine="114"/>
      </Position7>
      <Position8>
        <Filename Value="LazGL.lpr"/>
        <Caret Line="146" Column="18" TopLine="126"/>
      </Position8>
      <Position9>
        <Filename Value="LazGL.lpr"/>
        <Caret Line="139" Column="88" TopLine="127"/>
      </Position9>
      <Position10>
        <Filename Value="LazGL.lpr"/>
        <Caret Line="138" Column="7" TopLine="127"/>
      </Position10>
      <Position11>
        <Filename Value="LazGL.lpr"/>
        <Caret Line="6" Column="18" TopLine="2"/>
      </Position11>
      <Position12>
        <Filename Value="LazGL.lpr"/>
        <Caret Line="162" Column="41" TopLine="148"/>
      </Position12>
      <Position13>
        <Filename Value="LazGL.lpr"/>
        <Caret Line="127" Column="27" TopLine="112"/>
      </Position13>
      <Position14>
        <Filename Value="LazGL.lpr"/>
        <Caret Line="6" Column="34" TopLine="121"/>
      </Position14>
      <Position15>
        <Filename Value="LazGL.lpr"/>
        <Caret Line="163" Column="12" TopLine="142"/>
      </Position15>
      <Position16>
        <Filename Value="LazGL.lpr"/>
        <Caret Line="246" Column="30" TopLine="229"/>
      </Position16>
      <Position17>
        <Filename Value="LazGL.lpr"/>
        <Caret Line="163" Column="11" TopLine="160"/>
      </Position17>
    </JumpHistory>
  </ProjectOptions>
  <CompilerOptions>
    <Version Value="11"/>
    <Parsing>
      <SyntaxOptions>
        <UseAnsiStrings Value="False"/>
      </SyntaxOptions>
    </Parsing>
    <Linking>
      <Options>
        <Win32>
          <GraphicApplication Value="True"/>
        </Win32>
      </Options>
    </Linking>
  </CompilerOptions>
  <Debugging>
    <Exceptions Count="2">
      <Item1>
        <Name Value="ECodetoolError"/>
      </Item1>
      <Item2>
        <Name Value="EFOpenError"/>
      </Item2>
    </Exceptions>
  </Debugging>
</CONFIG>
